
Microsoft Visual Studio Solution File, Format Version 12.00
# Visual Studio Version 17
VisualStudioVersion = 17.11.35222.181
MinimumVisualStudioVersion = 10.0.40219.1
Project("{FAE04EC0-301F-11D3-BF4B-00C04F79EFBC}") = "PracticaPrograIII", "PracticaPrograIII\PracticaPrograIII.csproj", "{10C77877-30B8-468B-8189-89EF077A60BA}"
EndProject
Global
	GlobalSection(SolutionConfigurationPlatforms) = preSolution
		Debug|Any CPU = Debug|Any CPU
		Release|Any CPU = Release|Any CPU
	EndGlobalSection
	GlobalSection(ProjectConfigurationPlatforms) = postSolution
		{10C77877-30B8-468B-8189-89EF077A60BA}.Debug|Any CPU.ActiveCfg = Debug|Any CPU
		{10C77877-30B8-468B-8189-89EF077A60BA}.Debug|Any CPU.Build.0 = Debug|Any CPU
		{10C77877-30B8-468B-8189-89EF077A60BA}.Release|Any CPU.ActiveCfg = Release|Any CPU
		{10C77877-30B8-468B-8189-89EF077A60BA}.Release|Any CPU.Build.0 = Release|Any CPU
	EndGlobalSection
	GlobalSection(SolutionProperties) = preSolution
		HideSolutionNode = FALSE
	EndGlobalSection
	GlobalSection(ExtensibilityGlobals) = postSolution
		SolutionGuid = {49BD594F-31CE-49E7-8804-9A0DCA5B99C0}
	EndGlobalSection
EndGlobal
